
Microsoft Visual Studio Solution File, Format Version 12.00
# Visual Studio 2017
Project("{FAE04EC0-301F-11D3-BF4B-00C04F79EFBC}") = "practicegame2", "practicegame2.csproj", "{853D88B8-AE8A-2B40-3B37-3E2B9F5E95FD}"
EndProject
Global
	GlobalSection(SolutionConfigurationPlatforms) = preSolution
		Debug|Any CPU = Debug|Any CPU
		Release|Any CPU = Release|Any CPU
	EndGlobalSection
	GlobalSection(ProjectConfigurationPlatforms) = postSolution
		{853D88B8-AE8A-2B40-3B37-3E2B9F5E95FD}.Debug|Any CPU.ActiveCfg = Debug|Any CPU
		{853D88B8-AE8A-2B40-3B37-3E2B9F5E95FD}.Debug|Any CPU.Build.0 = Debug|Any CPU
		{853D88B8-AE8A-2B40-3B37-3E2B9F5E95FD}.Release|Any CPU.ActiveCfg = Release|Any CPU
		{853D88B8-AE8A-2B40-3B37-3E2B9F5E95FD}.Release|Any CPU.Build.0 = Release|Any CPU
	EndGlobalSection
	GlobalSection(SolutionProperties) = preSolution
		HideSolutionNode = FALSE
	EndGlobalSection
EndGlobal
